
Microsoft Visual Studio Solution File, Format Version 12.00
# Visual Studio Version 16
VisualStudioVersion = 16.0.29911.84
MinimumVisualStudioVersion = 10.0.40219.1
Project("{FAE04EC0-301F-11D3-BF4B-00C04F79EFBC}") = "CoreMVCcrud", "CoreMVCcrud\CoreMVCcrud.csproj", "{93607A50-1F7F-4EEC-AD73-AE73518B722B}"
EndProject
Global
	GlobalSection(SolutionConfigurationPlatforms) = preSolution
		Debug|Any CPU = Debug|Any CPU
		Release|Any CPU = Release|Any CPU
	EndGlobalSection
	GlobalSection(ProjectConfigurationPlatforms) = postSolution
		{93607A50-1F7F-4EEC-AD73-AE73518B722B}.Debug|Any CPU.ActiveCfg = Debug|Any CPU
		{93607A50-1F7F-4EEC-AD73-AE73518B722B}.Debug|Any CPU.Build.0 = Debug|Any CPU
		{93607A50-1F7F-4EEC-AD73-AE73518B722B}.Release|Any CPU.ActiveCfg = Release|Any CPU
		{93607A50-1F7F-4EEC-AD73-AE73518B722B}.Release|Any CPU.Build.0 = Release|Any CPU
	EndGlobalSection
	GlobalSection(SolutionProperties) = preSolution
		HideSolutionNode = FALSE
	EndGlobalSection
	GlobalSection(ExtensibilityGlobals) = postSolution
		SolutionGuid = {52D14565-3BEF-48E6-8272-12FEF2590C5C}
	EndGlobalSection
EndGlobal
